
Microsoft Visual Studio Solution File, Format Version 12.00
# Visual Studio Version 17
VisualStudioVersion = 17.14.36109.1
MinimumVisualStudioVersion = 10.0.40219.1
Project("{FAE04EC0-301F-11D3-BF4B-00C04F79EFBC}") = "LearnEase.Service", "LearnEase.Service\LearnEase.Service.csproj", "{8F9CAD58-412E-48F4-86E3-D2A1FBE3C0DB}"
EndProject
Project("{FAE04EC0-301F-11D3-BF4B-00C04F79EFBC}") = "LearnEase.Repository", "LearnEase.Repository\LearnEase.Repository.csproj", "{C68EF27F-C769-4CA9-ADB1-C491D82E7375}"
EndProject
Project("{FAE04EC0-301F-11D3-BF4B-00C04F79EFBC}") = "LearnEase.API", "LearnEase.API\LearnEase.API.csproj", "{51E46DE9-589F-4E88-A7F7-CA4EC8A55F14}"
EndProject
Global
	GlobalSection(SolutionConfigurationPlatforms) = preSolution
		Debug|Any CPU = Debug|Any CPU
		Release|Any CPU = Release|Any CPU
	EndGlobalSection
	GlobalSection(ProjectConfigurationPlatforms) = postSolution
		{8F9CAD58-412E-48F4-86E3-D2A1FBE3C0DB}.Debug|Any CPU.ActiveCfg = Debug|Any CPU
		{8F9CAD58-412E-48F4-86E3-D2A1FBE3C0DB}.Debug|Any CPU.Build.0 = Debug|Any CPU
		{8F9CAD58-412E-48F4-86E3-D2A1FBE3C0DB}.Release|Any CPU.ActiveCfg = Release|Any CPU
		{8F9CAD58-412E-48F4-86E3-D2A1FBE3C0DB}.Release|Any CPU.Build.0 = Release|Any CPU
		{C68EF27F-C769-4CA9-ADB1-C491D82E7375}.Debug|Any CPU.ActiveCfg = Debug|Any CPU
		{C68EF27F-C769-4CA9-ADB1-C491D82E7375}.Debug|Any CPU.Build.0 = Debug|Any CPU
		{C68EF27F-C769-4CA9-ADB1-C491D82E7375}.Release|Any CPU.ActiveCfg = Release|Any CPU
		{C68EF27F-C769-4CA9-ADB1-C491D82E7375}.Release|Any CPU.Build.0 = Release|Any CPU
		{51E46DE9-589F-4E88-A7F7-CA4EC8A55F14}.Debug|Any CPU.ActiveCfg = Debug|Any CPU
		{51E46DE9-589F-4E88-A7F7-CA4EC8A55F14}.Debug|Any CPU.Build.0 = Debug|Any CPU
		{51E46DE9-589F-4E88-A7F7-CA4EC8A55F14}.Release|Any CPU.ActiveCfg = Release|Any CPU
		{51E46DE9-589F-4E88-A7F7-CA4EC8A55F14}.Release|Any CPU.Build.0 = Release|Any CPU
	EndGlobalSection
	GlobalSection(SolutionProperties) = preSolution
		HideSolutionNode = FALSE
	EndGlobalSection
	GlobalSection(ExtensibilityGlobals) = postSolution
		SolutionGuid = {F45B7DD6-B292-4A57-A083-921E949520FC}
	EndGlobalSection
EndGlobal
